# THIS IS AN AUTOGENERATED FILE. DO NOT EDIT THIS FILE DIRECTLY.
# yarn lockfile v1


"@aws-cdk/assets@1.52.0":
  version "1.52.0"
  resolved "https://registry.yarnpkg.com/@aws-cdk/assets/-/assets-1.52.0.tgz#f39336db8401af66400c32c7f30be4aaffd516ef"
  integrity sha512-k72HMfcblTlUPOVpjiAnTnyMtbnNKmAd750EeabaIsIRYNX7tB/0+u8q+vIJ4OsOSdrToo5nQb0Rk/3LPaQg8w==
  dependencies:
    "@aws-cdk/core" "1.52.0"
    "@aws-cdk/cx-api" "1.52.0"
    constructs "^3.0.2"

"@aws-cdk/aws-certificatemanager@1.52.0":
  version "1.52.0"
  resolved "https://registry.yarnpkg.com/@aws-cdk/aws-certificatemanager/-/aws-certificatemanager-1.52.0.tgz#d252212565e01bee896f600b9fd95e895db96c71"
  integrity sha512-8vyoksZQbl6q8Z58i8fyr/C1m9FAfhB7dLK0ogSx+BSa362MQZuYq+dPY1gvySkxHHmLX+mwlwJqcT2SzoaZRA==
  dependencies:
    "@aws-cdk/aws-iam" "1.52.0"
    "@aws-cdk/aws-lambda" "1.52.0"
    "@aws-cdk/aws-route53" "1.52.0"
    "@aws-cdk/core" "1.52.0"
    constructs "^3.0.2"

"@aws-cdk/aws-cloudfront@1.52.0", "@aws-cdk/aws-cloudfront@^1.52.0":
  version "1.52.0"
  resolved "https://registry.yarnpkg.com/@aws-cdk/aws-cloudfront/-/aws-cloudfront-1.52.0.tgz#b4987cfc134afcab70c565c2a4cff91d2d94bcbf"
  integrity sha512-fBv+qHzI5YNmfkLeTQmj5AwUqHfb+bQLkkEPbsjHCBkGt/zMsupqiWXn53Mm9Dkpq1AP8RkrWR6KjnaKBTfosg==
  dependencies:
    "@aws-cdk/aws-certificatemanager" "1.52.0"
    "@aws-cdk/aws-iam" "1.52.0"
    "@aws-cdk/aws-kms" "1.52.0"
    "@aws-cdk/aws-lambda" "1.52.0"
    "@aws-cdk/aws-s3" "1.52.0"
    "@aws-cdk/core" "1.52.0"
    constructs "^3.0.2"

"@aws-cdk/aws-cloudwatch@1.52.0":
  version "1.52.0"
  resolved "https://registry.yarnpkg.com/@aws-cdk/aws-cloudwatch/-/aws-cloudwatch-1.52.0.tgz#d4e02b4838c0d0b5ef89f7c5cebc86bb6edef2e3"
  integrity sha512-T8JNj+wpfppge8uK2eOoAQNKcTMQt77fvXgWKLsfGNL/Bs41fasAqwZYdYGZyEcJciRaK3s3UjpPguZTqXUeoQ==
  dependencies:
    "@aws-cdk/aws-iam" "1.52.0"
    "@aws-cdk/core" "1.52.0"
    constructs "^3.0.2"

"@aws-cdk/aws-codeguruprofiler@1.52.0":
  version "1.52.0"
  resolved "https://registry.yarnpkg.com/@aws-cdk/aws-codeguruprofiler/-/aws-codeguruprofiler-1.52.0.tgz#7cf3f31e7150e180c14a62e7a89a2b47dbbad4fe"
  integrity sha512-u3jntP5FKwvm/wCgUDL893QN97wr4HH2HI1QSq4cksia7N6/X+h+jQ879FmQk4yXc2A8f6qeVJpExsFyTWSBLg==
  dependencies:
    "@aws-cdk/aws-iam" "1.52.0"
    "@aws-cdk/core" "1.52.0"

"@aws-cdk/aws-ec2@1.52.0":
  version "1.52.0"
  resolved "https://registry.yarnpkg.com/@aws-cdk/aws-ec2/-/aws-ec2-1.52.0.tgz#fea6500862a5c416bc803add923101f901ce74c0"
  integrity sha512-5nfa3BBRljgcynFSvPjPQKTtzhLLiI3KoPaJKSTM4Hg0/3c4IW2hPfLS/W2FqkswchamkDCHkPd/X3IrswGFYg==
  dependencies:
    "@aws-cdk/aws-cloudwatch" "1.52.0"
    "@aws-cdk/aws-iam" "1.52.0"
    "@aws-cdk/aws-kms" "1.52.0"
    "@aws-cdk/aws-logs" "1.52.0"
    "@aws-cdk/aws-s3" "1.52.0"
    "@aws-cdk/aws-ssm" "1.52.0"
    "@aws-cdk/cloud-assembly-schema" "1.52.0"
    "@aws-cdk/core" "1.52.0"
    "@aws-cdk/cx-api" "1.52.0"
    "@aws-cdk/region-info" "1.52.0"
    constructs "^3.0.2"

"@aws-cdk/aws-efs@1.52.0":
  version "1.52.0"
  resolved "https://registry.yarnpkg.com/@aws-cdk/aws-efs/-/aws-efs-1.52.0.tgz#2e0bc0311fb62dce92011ef4b4804a21898eef21"
  integrity sha512-Typg7Fk+3HzaaqOyVFJuSiHMUUuHcCHKxexDS6xXXD85TtMs8F9bG4hRGwdXBu4YtKpn7WOuBllFqATmRyHFLQ==
  dependencies:
    "@aws-cdk/aws-ec2" "1.52.0"
    "@aws-cdk/aws-kms" "1.52.0"
    "@aws-cdk/cloud-assembly-schema" "1.52.0"
    "@aws-cdk/core" "1.52.0"
    "@aws-cdk/cx-api" "1.52.0"
    constructs "^3.0.2"

"@aws-cdk/aws-events@1.52.0":
  version "1.52.0"
  resolved "https://registry.yarnpkg.com/@aws-cdk/aws-events/-/aws-events-1.52.0.tgz#2ec6274aa884ff4afd48f4c96b03f8e604e300b9"
  integrity sha512-KfzHMU8IDlw1VZJP+a/b83pwRjxbivD6krIF+R4KXqQZycnqcs00/bdNex8Iq5fkRiWPM5RAlQemy+EbSkVj/g==
  dependencies:
    "@aws-cdk/aws-iam" "1.52.0"
    "@aws-cdk/core" "1.52.0"
    constructs "^3.0.2"

"@aws-cdk/aws-iam@1.52.0", "@aws-cdk/aws-iam@^1.52.0":
  version "1.52.0"
  resolved "https://registry.yarnpkg.com/@aws-cdk/aws-iam/-/aws-iam-1.52.0.tgz#69ba7938a148a31eef62d6c6846a48d89ca5a52f"
  integrity sha512-6A71i9r1OUk6KHDqhrhZmlA9s8ZqpUQLUEXr0MTbJS4ScJMPmdOT3u/iiziG0kvhSZ1jfUFPZeXhLgbm5Kuz1A==
  dependencies:
    "@aws-cdk/core" "1.52.0"
    "@aws-cdk/region-info" "1.52.0"
    constructs "^3.0.2"

"@aws-cdk/aws-kms@1.52.0":
  version "1.52.0"
  resolved "https://registry.yarnpkg.com/@aws-cdk/aws-kms/-/aws-kms-1.52.0.tgz#68045fe5c1910fdf40ec8697a49481c4ac207708"
  integrity sha512-ZpGblzVKBi9uMmD05xqMzRNP/CMQe52YxI8Wp7CnesizoBZEtRsmpSinHXV9WZrg1REXLG2uHYtMmkSBzqUnYg==
  dependencies:
    "@aws-cdk/aws-iam" "1.52.0"
    "@aws-cdk/core" "1.52.0"
    constructs "^3.0.2"

"@aws-cdk/aws-lambda@1.52.0":
  version "1.52.0"
  resolved "https://registry.yarnpkg.com/@aws-cdk/aws-lambda/-/aws-lambda-1.52.0.tgz#0a83c128af218533da9831ee1e3d047f234ca506"
  integrity sha512-DWHk9N7A7cSkHid9CWjh/M1Rh9ryLj66ywNIm4VSB2721JG1gJKmPhKaWtigHdCxbBOipXkQMAUUU6CubPRlvQ==
  dependencies:
    "@aws-cdk/aws-cloudwatch" "1.52.0"
    "@aws-cdk/aws-codeguruprofiler" "1.52.0"
    "@aws-cdk/aws-ec2" "1.52.0"
    "@aws-cdk/aws-efs" "1.52.0"
    "@aws-cdk/aws-events" "1.52.0"
    "@aws-cdk/aws-iam" "1.52.0"
    "@aws-cdk/aws-logs" "1.52.0"
    "@aws-cdk/aws-s3" "1.52.0"
    "@aws-cdk/aws-s3-assets" "1.52.0"
    "@aws-cdk/aws-sqs" "1.52.0"
    "@aws-cdk/core" "1.52.0"
    "@aws-cdk/cx-api" "1.52.0"
    constructs "^3.0.2"

"@aws-cdk/aws-logs@1.52.0":
  version "1.52.0"
  resolved "https://registry.yarnpkg.com/@aws-cdk/aws-logs/-/aws-logs-1.52.0.tgz#52552f149e7f7ab6152c2d8d38fa500fd31ca03a"
  integrity sha512-oJ4yfoGRV37BhawcGKQDrjf5bMU3vXtHiLRL9nZcWz8mj0RYAmFKRu/Dw05rbLA+8IdqUSeKxaTmPuMdjPelNA==
  dependencies:
    "@aws-cdk/aws-cloudwatch" "1.52.0"
    "@aws-cdk/aws-iam" "1.52.0"
    "@aws-cdk/core" "1.52.0"
    constructs "^3.0.2"

"@aws-cdk/aws-route53@1.52.0":
  version "1.52.0"
  resolved "https://registry.yarnpkg.com/@aws-cdk/aws-route53/-/aws-route53-1.52.0.tgz#3c197b3b590f719b2e465947dbe2c7dd04870201"
  integrity sha512-NDgii+kc5A6emgrINP7VvNQzo92ha2yfZ/Uw/G75AYDYZxwxHCJG4vDGkN93l/x2bycKY1DqsJy3p5E3Vd5qBA==
  dependencies:
    "@aws-cdk/aws-ec2" "1.52.0"
    "@aws-cdk/aws-logs" "1.52.0"
    "@aws-cdk/cloud-assembly-schema" "1.52.0"
    "@aws-cdk/core" "1.52.0"
    constructs "^3.0.2"

"@aws-cdk/aws-s3-assets@1.52.0":
  version "1.52.0"
  resolved "https://registry.yarnpkg.com/@aws-cdk/aws-s3-assets/-/aws-s3-assets-1.52.0.tgz#314947eebcd75b8519352907e6d9100dbe2354ee"
  integrity sha512-zeXS15Mr3EeUri92eScN56TrCV8NHWd85gxP2T1tOto5VfhI1Frx6XPFEePzyR9h0XZXJXA5Yu/WGe6UZkd44Q==
  dependencies:
    "@aws-cdk/assets" "1.52.0"
    "@aws-cdk/aws-iam" "1.52.0"
    "@aws-cdk/aws-kms" "1.52.0"
    "@aws-cdk/aws-s3" "1.52.0"
    "@aws-cdk/core" "1.52.0"
    "@aws-cdk/cx-api" "1.52.0"
    constructs "^3.0.2"

"@aws-cdk/aws-s3-deployment@^1.52.0":
  version "1.52.0"
  resolved "https://registry.yarnpkg.com/@aws-cdk/aws-s3-deployment/-/aws-s3-deployment-1.52.0.tgz#da0306407a6ffd2111e0fcb0ed41dd5346b2fd11"
  integrity sha512-6+e8PPv/jSi3GxBb9DpIXDPuf7qmNhEUjSBXSk+HqjXVMfv92rNVLWA0Jl8na/7CWGFuYpvPdmSJg1ZbXZTG1Q==
  dependencies:
    "@aws-cdk/aws-cloudfront" "1.52.0"
    "@aws-cdk/aws-iam" "1.52.0"
    "@aws-cdk/aws-lambda" "1.52.0"
    "@aws-cdk/aws-s3" "1.52.0"
    "@aws-cdk/aws-s3-assets" "1.52.0"
    "@aws-cdk/core" "1.52.0"
    constructs "^3.0.2"

"@aws-cdk/aws-s3@1.52.0", "@aws-cdk/aws-s3@^1.52.0":
  version "1.52.0"
  resolved "https://registry.yarnpkg.com/@aws-cdk/aws-s3/-/aws-s3-1.52.0.tgz#2c167d0dd2dbc03e583cd7f133e4b98f7bd9ed39"
  integrity sha512-BP2LeD48IBBDRgMMeSKBUC2zo27NsddyVLzbwxD3l4OxgcYC/G5wCf6KkC+Y47B/fnGr/2hg32/IUcmFaKZBmA==
  dependencies:
    "@aws-cdk/aws-events" "1.52.0"
    "@aws-cdk/aws-iam" "1.52.0"
    "@aws-cdk/aws-kms" "1.52.0"
    "@aws-cdk/core" "1.52.0"
    constructs "^3.0.2"

"@aws-cdk/aws-sqs@1.52.0":
  version "1.52.0"
  resolved "https://registry.yarnpkg.com/@aws-cdk/aws-sqs/-/aws-sqs-1.52.0.tgz#282d337cf18e4807a6ccf20e38b27798bb7b6460"
  integrity sha512-kxvm6wJa1gZWm0lnpicqHH+ZHDE8oIZAj0Z8j0jgsmuS9xleZjxUoYoSp4fPplTq2ftcGPF8BrIECwyrQm1wfA==
  dependencies:
    "@aws-cdk/aws-cloudwatch" "1.52.0"
    "@aws-cdk/aws-iam" "1.52.0"
    "@aws-cdk/aws-kms" "1.52.0"
    "@aws-cdk/core" "1.52.0"
    constructs "^3.0.2"

"@aws-cdk/aws-ssm@1.52.0":
  version "1.52.0"
  resolved "https://registry.yarnpkg.com/@aws-cdk/aws-ssm/-/aws-ssm-1.52.0.tgz#1fb5c84ed685c1a30d351457603c4e92b45b3d7a"
  integrity sha512-kS46KMErRx5IoIja4Km1xndg7QkPB8rky9pTAGrFk5CToNnE+uaUpCndL28uvanrezTDMu+tROScDMJbd4Q1EA==
  dependencies:
    "@aws-cdk/aws-iam" "1.52.0"
    "@aws-cdk/aws-kms" "1.52.0"
    "@aws-cdk/cloud-assembly-schema" "1.52.0"
    "@aws-cdk/core" "1.52.0"
    constructs "^3.0.2"

"@aws-cdk/cloud-assembly-schema@1.52.0":
  version "1.52.0"
  resolved "https://registry.yarnpkg.com/@aws-cdk/cloud-assembly-schema/-/cloud-assembly-schema-1.52.0.tgz#5fd5cc5751c9d76a69009bb48731bbcda7f6c2fd"
  integrity sha512-LvCfvpo2JJepf/I0D0TEb7lG4Kt6pIE+OkGsfo9IbgsiK+FYQZ/BXGPsfcI8ayON/2yNG9VliaQCQHR7NE2d/Q==
  dependencies:
    jsonschema "^1.2.5"
    semver "^7.2.2"

"@aws-cdk/core@1.52.0", "@aws-cdk/core@^1.52.0":
  version "1.52.0"
  resolved "https://registry.yarnpkg.com/@aws-cdk/core/-/core-1.52.0.tgz#494c8af3f3d007be81abcfed7c2ebd4f93787acd"
  integrity sha512-C5qy/6yqXJUrt/UvaGWAhLI8eB+Yfg9OQenxAKbyejZ3OG8l6vvaX8PWSmqSuegst9v0ErKCEWxR7JTBiGBHfA==
  dependencies:
    "@aws-cdk/cloud-assembly-schema" "1.52.0"
    "@aws-cdk/cx-api" "1.52.0"
    constructs "^3.0.2"
    fs-extra "^9.0.1"
    minimatch "^3.0.4"

"@aws-cdk/cx-api@1.52.0":
  version "1.52.0"
  resolved "https://registry.yarnpkg.com/@aws-cdk/cx-api/-/cx-api-1.52.0.tgz#5c356d7ed759b9560b495e3658346f9c8a62eb4d"
  integrity sha512-z5Gc7ovV+Oid9bazDWD5T0zeQitq6E7gFhIVNwS00BjSI0uSvwGKBjjbwIzhxxeq9km9n/AeURmsId1Ioy6nvw==
  dependencies:
    "@aws-cdk/cloud-assembly-schema" "1.52.0"
    semver "^7.2.2"

"@aws-cdk/region-info@1.52.0":
  version "1.52.0"
  resolved "https://registry.yarnpkg.com/@aws-cdk/region-info/-/region-info-1.52.0.tgz#643c0061aff3c6edff27a6c067cc9201caecbd06"
  integrity sha512-+qKsK+l/GffAIP8aFtpFbRUhPIW1SrhMBZ7aC+UICubp29iEpLDQXvkh5eXMzEXt4SfThk+QGC/yQ+7r9VztaA==

"@types/semver@^6.0.1":
  version "6.2.0"
  resolved "https://registry.yarnpkg.com/@types/semver/-/semver-6.2.0.tgz#d688d574400d96c5b0114968705366f431831e1a"
  integrity sha512-1OzrNb4RuAzIT7wHSsgZRlMBlNsJl+do6UblR7JMW4oB7bbR+uBEYtUh7gEc/jM84GGilh68lSOokyM/zNUlBA==

at-least-node@^1.0.0:
  version "1.0.0"
  resolved "https://registry.yarnpkg.com/at-least-node/-/at-least-node-1.0.0.tgz#602cd4b46e844ad4effc92a8011a3c46e0238dc2"
  integrity sha512-+q/t7Ekv1EDY2l6Gda6LLiX14rU9TV20Wa3ofeQmwPFZbOMo9DXrLbOjFaaclkXKWidIaopwAObQDqwWtGUjqg==

balanced-match@^1.0.0:
  version "1.0.0"
  resolved "https://registry.yarnpkg.com/balanced-match/-/balanced-match-1.0.0.tgz#89b4d199ab2bee49de164ea02b89ce462d71b767"
  integrity sha1-ibTRmasr7kneFk6gK4nORi1xt2c=

brace-expansion@^1.1.7:
  version "1.1.11"
  resolved "https://registry.yarnpkg.com/brace-expansion/-/brace-expansion-1.1.11.tgz#3c7fcbf529d87226f3d2f52b966ff5271eb441dd"
  integrity sha512-iCuPHDFgrHX7H2vEI/5xpz07zSHB00TpugqhmYtVmMO6518mCuRMoOYFldEBl0g187ufozdaHgWKcYFb61qGiA==
  dependencies:
    balanced-match "^1.0.0"
    concat-map "0.0.1"

concat-map@0.0.1:
  version "0.0.1"
  resolved "https://registry.yarnpkg.com/concat-map/-/concat-map-0.0.1.tgz#d8a96bd77fd68df7793a73036a3ba0d5405d477b"
  integrity sha1-2Klr13/Wjfd5OnMDajug1UBdR3s=

constructs@^3.0.2:
  version "3.0.4"
  resolved "https://registry.yarnpkg.com/constructs/-/constructs-3.0.4.tgz#eb1ed5b80f6600b8d50de83971357ae0fe8e29a2"
  integrity sha512-CDvg7gMjphE3DFX4pzkF6j73NREbR8npPFW8Mx/CLRnMR035+Y1o1HrXIsNSss/dq3ZUnNTU9jKyd3fL9EOlfw==

fs-extra@^9.0.1:
  version "9.0.1"
  resolved "https://registry.yarnpkg.com/fs-extra/-/fs-extra-9.0.1.tgz#910da0062437ba4c39fedd863f1675ccfefcb9fc"
  integrity sha512-h2iAoN838FqAFJY2/qVpzFXy+EBxfVE220PalAqQLDVsFOHLJrZvut5puAbCdNv6WJk+B8ihI+k0c7JK5erwqQ==
  dependencies:
    at-least-node "^1.0.0"
    graceful-fs "^4.2.0"
    jsonfile "^6.0.1"
    universalify "^1.0.0"

graceful-fs@^4.1.6, graceful-fs@^4.2.0:
  version "4.2.4"
  resolved "https://registry.yarnpkg.com/graceful-fs/-/graceful-fs-4.2.4.tgz#2256bde14d3632958c465ebc96dc467ca07a29fb"
  integrity sha512-WjKPNJF79dtJAVniUlGGWHYGz2jWxT6VhN/4m1NdkbZ2nOsEF+cI1Edgql5zCRhs/VsQYRvrXctxktVXZUkixw==

jsonfile@^6.0.1:
  version "6.0.1"
  resolved "https://registry.yarnpkg.com/jsonfile/-/jsonfile-6.0.1.tgz#98966cba214378c8c84b82e085907b40bf614179"
  integrity sha512-jR2b5v7d2vIOust+w3wtFKZIfpC2pnRmFAhAC/BuweZFQR8qZzxH1OyrQ10HmdVYiXWkYUqPVsz91cG7EL2FBg==
  dependencies:
    universalify "^1.0.0"
  optionalDependencies:
    graceful-fs "^4.1.6"

jsonschema@^1.2.5:
  version "1.2.6"
  resolved "https://registry.yarnpkg.com/jsonschema/-/jsonschema-1.2.6.tgz#52b0a8e9dc06bbae7295249d03e4b9faee8a0c0b"
  integrity sha512-SqhURKZG07JyKKeo/ir24QnS4/BV7a6gQy93bUSe4lUdNp0QNpIz2c9elWJQ9dpc5cQYY6cvCzgRwy0MQCLyqA==

minimatch@^3.0.4:
  version "3.0.4"
  resolved "https://registry.yarnpkg.com/minimatch/-/minimatch-3.0.4.tgz#5166e286457f03306064be5497e8dbb0c3d32083"
  integrity sha512-yJHVQEhyqPLUTgt9B83PXu6W3rx4MvvHvSUvToogpwoGDOUQ+yDrR0HRot+yOCdCO7u4hX3pWft6kWBBcqh0UA==
  dependencies:
    brace-expansion "^1.1.7"

semver@^6.3.0:
  version "6.3.0"
  resolved "https://registry.yarnpkg.com/semver/-/semver-6.3.0.tgz#ee0a64c8af5e8ceea67687b133761e1becbd1d3d"
  integrity sha512-b39TBaTSfV6yBrapU89p5fKekE2m/NwnDocOVruQFS1/veMgdzuPcnOM34M6CwxW8jH/lxEa5rBoDeUwu5HHTw==

semver@^7.2.2:
  version "7.3.2"
  resolved "https://registry.yarnpkg.com/semver/-/semver-7.3.2.tgz#604962b052b81ed0786aae84389ffba70ffd3938"
  integrity sha512-OrOb32TeeambH6UrhtShmF7CRDqhL6/5XpPNp2DuRH6+9QLw/orhp72j87v8Qa1ScDkvrrBNpZcDejAirJmfXQ==

tsc@^1.20150623.0:
  version "1.20150623.0"
  resolved "https://registry.yarnpkg.com/tsc/-/tsc-1.20150623.0.tgz#4ebc3c774e169148cbc768a7342533f082c7a6e5"
  integrity sha1-Trw8d04WkUjLx2inNCUz8ILHpuU=

universalify@^1.0.0:
  version "1.0.0"
  resolved "https://registry.yarnpkg.com/universalify/-/universalify-1.0.0.tgz#b61a1da173e8435b2fe3c67d29b9adf8594bd16d"
  integrity sha512-rb6X1W158d7pRQBg5gkR8uPaSfiids68LTJQYOtEUhoJUWBdaQHsuT/EUduxXYxcrt4r5PJ4fuHW1MHT6p0qug==
