# THIS IS AN AUTOGENERATED FILE. DO NOT EDIT THIS FILE DIRECTLY.
# yarn lockfile v1


"@aws-cdk/assets@1.15.0":
  version "1.15.0"
  resolved "https://registry.yarnpkg.com/@aws-cdk/assets/-/assets-1.15.0.tgz#a63d6ddf04fe5edf28b39a5d17259f333c7f8e7e"
  integrity sha512-zQGaQxlIt+ddWIxeLRFhInC3XiJ73jv84uLXp5R7X3+86q6LZzw9BeFjMTwigt/5UFYMprt3JvVP71fJ3tmEbA==
  dependencies:
    "@aws-cdk/core" "1.15.0"
    "@aws-cdk/cx-api" "1.15.0"
    minimatch "^3.0.4"

"@aws-cdk/aws-certificatemanager@1.15.0":
  version "1.15.0"
  resolved "https://registry.yarnpkg.com/@aws-cdk/aws-certificatemanager/-/aws-certificatemanager-1.15.0.tgz#ccabc2be566bb2ea9d31dc13e2484a993660f7a3"
  integrity sha512-gF+8MnwnyMEczsBfqibSLPu3ab9aukThI1CZ3zbPrDqjjyMbWKuRrpjDOev4wdqDPSs0ujk/Kw1rKB1Z+zrUkA==
  dependencies:
    "@aws-cdk/aws-cloudformation" "1.15.0"
    "@aws-cdk/aws-iam" "1.15.0"
    "@aws-cdk/aws-lambda" "1.15.0"
    "@aws-cdk/aws-route53" "1.15.0"
    "@aws-cdk/core" "1.15.0"

"@aws-cdk/aws-cloudformation@1.15.0", "@aws-cdk/aws-cloudformation@^1.2.0":
  version "1.15.0"
  resolved "https://registry.yarnpkg.com/@aws-cdk/aws-cloudformation/-/aws-cloudformation-1.15.0.tgz#600234d24633bd5a396bd45b095c2e2c34f0a1e7"
  integrity sha512-GOGQleKJ1Iw5LIqLlAY2Hq2zhKJj3De+exVztXHg++74euxegV7GwGkJS/xuWzbM0ditVbGXdDC664MFAXrWzw==
  dependencies:
    "@aws-cdk/aws-iam" "1.15.0"
    "@aws-cdk/aws-lambda" "1.15.0"
    "@aws-cdk/aws-s3" "1.15.0"
    "@aws-cdk/aws-sns" "1.15.0"
    "@aws-cdk/core" "1.15.0"
    "@aws-cdk/cx-api" "1.15.0"

"@aws-cdk/aws-cloudfront@^1.2.0":
  version "1.15.0"
  resolved "https://registry.yarnpkg.com/@aws-cdk/aws-cloudfront/-/aws-cloudfront-1.15.0.tgz#3ad62b6e50e066d10e876a524dcd8227cf0daf7e"
  integrity sha512-jAtrBBdZ0eUq735XyAR77cafWHEnrJFbWE68OM0BQH4L9dQn3alX5Wu92Zsk9fW2TNiu3OSKZNr1RQpWQSV7fg==
  dependencies:
    "@aws-cdk/aws-certificatemanager" "1.15.0"
    "@aws-cdk/aws-iam" "1.15.0"
    "@aws-cdk/aws-kms" "1.15.0"
    "@aws-cdk/aws-lambda" "1.15.0"
    "@aws-cdk/aws-s3" "1.15.0"
    "@aws-cdk/core" "1.15.0"

"@aws-cdk/aws-cloudwatch@1.15.0":
  version "1.15.0"
  resolved "https://registry.yarnpkg.com/@aws-cdk/aws-cloudwatch/-/aws-cloudwatch-1.15.0.tgz#d4d0cd81ad283c9c13f11b71065f1ae3a3298293"
  integrity sha512-bYGCVP6479dnUOOJxxDzVzc6uzyNIHxsbF8zormEJeP0oLS/IF8+cReOM9nPhBdeAsAYgKkusRY+dRleC+tEbw==
  dependencies:
    "@aws-cdk/aws-iam" "1.15.0"
    "@aws-cdk/core" "1.15.0"

"@aws-cdk/aws-ec2@1.15.0":
  version "1.15.0"
  resolved "https://registry.yarnpkg.com/@aws-cdk/aws-ec2/-/aws-ec2-1.15.0.tgz#681741585d9cbc26807d842b7c7a567327ba8408"
  integrity sha512-o729HqLXtVA/mUUg/76q2HaBG4AczGSZMZO+x/ksSO1UnJLmWpdbNjCScaId/R6ip8YX7Gy969PytP8xIOayPA==
  dependencies:
    "@aws-cdk/aws-cloudwatch" "1.15.0"
    "@aws-cdk/aws-iam" "1.15.0"
    "@aws-cdk/aws-ssm" "1.15.0"
    "@aws-cdk/core" "1.15.0"
    "@aws-cdk/cx-api" "1.15.0"

"@aws-cdk/aws-events@1.15.0":
  version "1.15.0"
  resolved "https://registry.yarnpkg.com/@aws-cdk/aws-events/-/aws-events-1.15.0.tgz#b8f83259a4e45e07612beec32057f1a985573ed8"
  integrity sha512-kkPn4PdgniSMED/1YTimVhAw5KIZfwbHS1CFtxPxAHtHVN8vQ0ewHgVlfZGaP9O96FpWkW+kuyc40Hfz8LES9g==
  dependencies:
    "@aws-cdk/aws-iam" "1.15.0"
    "@aws-cdk/core" "1.15.0"

"@aws-cdk/aws-iam@1.15.0", "@aws-cdk/aws-iam@^1.2.0":
  version "1.15.0"
  resolved "https://registry.yarnpkg.com/@aws-cdk/aws-iam/-/aws-iam-1.15.0.tgz#9bcac3e3ca57f387b9ef7677ae012f1c561ceddd"
  integrity sha512-zOPMe7G2Fq/vKI4c9ip09L7v0gtVtrfO9i9nBH6l/Nt+K09N08GsavPAPQCgVaYdN6KRhGvEBTwnsBtGw2300A==
  dependencies:
    "@aws-cdk/core" "1.15.0"
    "@aws-cdk/region-info" "1.15.0"

"@aws-cdk/aws-kms@1.15.0":
  version "1.15.0"
  resolved "https://registry.yarnpkg.com/@aws-cdk/aws-kms/-/aws-kms-1.15.0.tgz#47907dfb206af466112d62b65170248cacd5da7d"
  integrity sha512-UOsxCEmUAa9t/Vt2OKmPV7gGyBODpAn/6pYIhBVgL7E8kVXxuL6VqeCVdMPDiAga3a5sR8HQypzLcxg1WOIObw==
  dependencies:
    "@aws-cdk/aws-iam" "1.15.0"
    "@aws-cdk/core" "1.15.0"

"@aws-cdk/aws-lambda@1.15.0", "@aws-cdk/aws-lambda@^1.2.0":
  version "1.15.0"
  resolved "https://registry.yarnpkg.com/@aws-cdk/aws-lambda/-/aws-lambda-1.15.0.tgz#c1c6768638ee9cb1c7b1f82eb5345c6fe3f200d5"
  integrity sha512-XGMN+6jzB2V4JPi3znmXMmclgMgYibwYU1kxTGXhfbGngCu7TcNGWoEhlZGTu20tWKqUOLaf3XPOzfBrnmc12g==
  dependencies:
    "@aws-cdk/aws-cloudwatch" "1.15.0"
    "@aws-cdk/aws-ec2" "1.15.0"
    "@aws-cdk/aws-events" "1.15.0"
    "@aws-cdk/aws-iam" "1.15.0"
    "@aws-cdk/aws-logs" "1.15.0"
    "@aws-cdk/aws-s3" "1.15.0"
    "@aws-cdk/aws-s3-assets" "1.15.0"
    "@aws-cdk/aws-sqs" "1.15.0"
    "@aws-cdk/core" "1.15.0"
    "@aws-cdk/cx-api" "1.15.0"

"@aws-cdk/aws-logs@1.15.0":
  version "1.15.0"
  resolved "https://registry.yarnpkg.com/@aws-cdk/aws-logs/-/aws-logs-1.15.0.tgz#0da2c8ff9b99366dd6af400936fe92726136e83c"
  integrity sha512-TTTMU+Qo0VHlilaEW0+Vk28HZUx6naSJrzj9yYYLP+HIjBCROpPpNI3N0p/8rYGDCEGmTrv4XBbOjcvV0EDB8Q==
  dependencies:
    "@aws-cdk/aws-cloudwatch" "1.15.0"
    "@aws-cdk/aws-iam" "1.15.0"
    "@aws-cdk/core" "1.15.0"

"@aws-cdk/aws-route53@1.15.0":
  version "1.15.0"
  resolved "https://registry.yarnpkg.com/@aws-cdk/aws-route53/-/aws-route53-1.15.0.tgz#46ab3f61e56e18a2322ac6bd56cca0f6a10e19d3"
  integrity sha512-dFcIKb28+aT3n5DOGUrwa6gMxKzHWtpUQcK4O7Or1OyxRoHCj6eUDdERT5lv/UZ7zRTL3UnPuC5rOYk0b0Ra1A==
  dependencies:
    "@aws-cdk/aws-ec2" "1.15.0"
    "@aws-cdk/aws-logs" "1.15.0"
    "@aws-cdk/core" "1.15.0"
    "@aws-cdk/cx-api" "1.15.0"

"@aws-cdk/aws-s3-assets@1.15.0", "@aws-cdk/aws-s3-assets@^1.2.0":
  version "1.15.0"
  resolved "https://registry.yarnpkg.com/@aws-cdk/aws-s3-assets/-/aws-s3-assets-1.15.0.tgz#e220d746da3c51cddc7da329fbf9eaecf83b65ef"
  integrity sha512-4Y4egaDXWqzID/jLQaE+udBuTZJpCqvdm9fDJ6yEAzavQkwyO5WiZhQyUXFb2hMcUYUcnDj4D2uDATkVcc52tQ==
  dependencies:
    "@aws-cdk/assets" "1.15.0"
    "@aws-cdk/aws-iam" "1.15.0"
    "@aws-cdk/aws-s3" "1.15.0"
    "@aws-cdk/core" "1.15.0"
    "@aws-cdk/cx-api" "1.15.0"

"@aws-cdk/aws-s3-deployment@1.2.0":
  version "1.2.0"
  resolved "https://registry.yarnpkg.com/@aws-cdk/aws-s3-deployment/-/aws-s3-deployment-1.2.0.tgz#16421b2b63e52e2ccf82972da256bcde3b5122a6"
  integrity sha512-WA17GhPoi+D4UcaSR4BMqGDstaHlouDB3q32eI71elTeOXmce1/l58hOb+ENT13+Qet10rdUaBaLbhWknv1u9w==
  dependencies:
    "@aws-cdk/aws-cloudformation" "^1.2.0"
    "@aws-cdk/aws-iam" "^1.2.0"
    "@aws-cdk/aws-lambda" "^1.2.0"
    "@aws-cdk/aws-s3" "^1.2.0"
    "@aws-cdk/aws-s3-assets" "^1.2.0"
    "@aws-cdk/core" "^1.2.0"

"@aws-cdk/aws-s3@1.15.0", "@aws-cdk/aws-s3@^1.2.0":
  version "1.15.0"
  resolved "https://registry.yarnpkg.com/@aws-cdk/aws-s3/-/aws-s3-1.15.0.tgz#2cf935fcfe3283307c8326bf0e8df1584185142a"
  integrity sha512-4mMdRqJkY8rtcs0J2Y7dCunYFV79f0wZ2rgVlW3qS+mExLgTjoUwysajwwOvzGKG0rBp27DPCCW2f/t7l65FuA==
  dependencies:
    "@aws-cdk/aws-events" "1.15.0"
    "@aws-cdk/aws-iam" "1.15.0"
    "@aws-cdk/aws-kms" "1.15.0"
    "@aws-cdk/core" "1.15.0"

"@aws-cdk/aws-sns@1.15.0":
  version "1.15.0"
  resolved "https://registry.yarnpkg.com/@aws-cdk/aws-sns/-/aws-sns-1.15.0.tgz#2cddd71c234bba1a246f0d96af549921a372df68"
  integrity sha512-9wLLT+zGNmgiii4LvILz6Yvfypg8ozYTdJMPvfonElWJqErz1x6vaSCNNJkWX4hkoLeEmjEscAFbiusqmngjJQ==
  dependencies:
    "@aws-cdk/aws-cloudwatch" "1.15.0"
    "@aws-cdk/aws-events" "1.15.0"
    "@aws-cdk/aws-iam" "1.15.0"
    "@aws-cdk/core" "1.15.0"

"@aws-cdk/aws-sqs@1.15.0":
  version "1.15.0"
  resolved "https://registry.yarnpkg.com/@aws-cdk/aws-sqs/-/aws-sqs-1.15.0.tgz#11a1130fcebb46668435686cafcdcf6e0a5bf7f6"
  integrity sha512-SbUyQgvCSrP/XdeQ7GoUdsoQ+/GvJtpP/fsq7cpiYVRJ6rMgtg3JiwliU8pEJSLqIumffmkuZah+rBKxHlqhxw==
  dependencies:
    "@aws-cdk/aws-cloudwatch" "1.15.0"
    "@aws-cdk/aws-iam" "1.15.0"
    "@aws-cdk/aws-kms" "1.15.0"
    "@aws-cdk/core" "1.15.0"

"@aws-cdk/aws-ssm@1.15.0":
  version "1.15.0"
  resolved "https://registry.yarnpkg.com/@aws-cdk/aws-ssm/-/aws-ssm-1.15.0.tgz#1a6316699dc509e4d2a1e5a6a664afff7b8e048f"
  integrity sha512-SGTT3B43Bh7EJmIg+vXpOOVWaqaoxP6P3bQtg098tM1I+CnKICZd7bTn2NpZkrZBwAuQT27n7/A9kN7qPA/8lw==
  dependencies:
    "@aws-cdk/aws-iam" "1.15.0"
    "@aws-cdk/aws-kms" "1.15.0"
    "@aws-cdk/core" "1.15.0"
    "@aws-cdk/cx-api" "1.15.0"

"@aws-cdk/core@1.15.0", "@aws-cdk/core@^1.2.0":
  version "1.15.0"
  resolved "https://registry.yarnpkg.com/@aws-cdk/core/-/core-1.15.0.tgz#b14ac205b160a92218996101ef428c0053172e57"
  integrity sha512-3AIuxumb+6VAowGpSUc6s84WVJYHV1lVjECJWlvzvQP2ObPKq46HzoUnBoGKEf2IlG3l7zr2q1spFHRO+fmaZQ==
  dependencies:
    "@aws-cdk/cx-api" "1.15.0"

"@aws-cdk/cx-api@1.15.0":
  version "1.15.0"
  resolved "https://registry.yarnpkg.com/@aws-cdk/cx-api/-/cx-api-1.15.0.tgz#641d9f6d6bd9343f2e465ea8dc2f47cec3ce5189"
  integrity sha512-VSR+OQ7x/mMiyXgiqREraSGs00v9W/h2jXW1jCIxfcWTBWAEAVvRE5dsR8CHf6NyH/+6pq5YN6rUzEpwyd2UCA==
  dependencies:
    semver "^6.3.0"

"@aws-cdk/region-info@1.15.0":
  version "1.15.0"
  resolved "https://registry.yarnpkg.com/@aws-cdk/region-info/-/region-info-1.15.0.tgz#6c1605b13d6e1c39de01b0f8edcfa00d6e79b662"
  integrity sha512-mpWoUTbJd80uZ0sPoxdK3W4heyra8nO5Q6FrXtLPjvubCik/wCoLRpkZtb5bJdX/c582o8onscT1OFFAyF/8YA==

"@types/semver@^6.0.1":
  version "6.2.0"
  resolved "https://registry.yarnpkg.com/@types/semver/-/semver-6.2.0.tgz#d688d574400d96c5b0114968705366f431831e1a"
  integrity sha512-1OzrNb4RuAzIT7wHSsgZRlMBlNsJl+do6UblR7JMW4oB7bbR+uBEYtUh7gEc/jM84GGilh68lSOokyM/zNUlBA==

balanced-match@^1.0.0:
  version "1.0.0"
  resolved "https://registry.yarnpkg.com/balanced-match/-/balanced-match-1.0.0.tgz#89b4d199ab2bee49de164ea02b89ce462d71b767"
  integrity sha1-ibTRmasr7kneFk6gK4nORi1xt2c=

brace-expansion@^1.1.7:
  version "1.1.11"
  resolved "https://registry.yarnpkg.com/brace-expansion/-/brace-expansion-1.1.11.tgz#3c7fcbf529d87226f3d2f52b966ff5271eb441dd"
  integrity sha512-iCuPHDFgrHX7H2vEI/5xpz07zSHB00TpugqhmYtVmMO6518mCuRMoOYFldEBl0g187ufozdaHgWKcYFb61qGiA==
  dependencies:
    balanced-match "^1.0.0"
    concat-map "0.0.1"

concat-map@0.0.1:
  version "0.0.1"
  resolved "https://registry.yarnpkg.com/concat-map/-/concat-map-0.0.1.tgz#d8a96bd77fd68df7793a73036a3ba0d5405d477b"
  integrity sha1-2Klr13/Wjfd5OnMDajug1UBdR3s=

minimatch@^3.0.4:
  version "3.0.4"
  resolved "https://registry.yarnpkg.com/minimatch/-/minimatch-3.0.4.tgz#5166e286457f03306064be5497e8dbb0c3d32083"
  integrity sha512-yJHVQEhyqPLUTgt9B83PXu6W3rx4MvvHvSUvToogpwoGDOUQ+yDrR0HRot+yOCdCO7u4hX3pWft6kWBBcqh0UA==
  dependencies:
    brace-expansion "^1.1.7"

semver@^6.3.0:
  version "6.3.0"
  resolved "https://registry.yarnpkg.com/semver/-/semver-6.3.0.tgz#ee0a64c8af5e8ceea67687b133761e1becbd1d3d"
  integrity sha512-b39TBaTSfV6yBrapU89p5fKekE2m/NwnDocOVruQFS1/veMgdzuPcnOM34M6CwxW8jH/lxEa5rBoDeUwu5HHTw==
